{
  "pins" : [
    {
      "identity" : "uielements",
      "kind" : "remoteSourceControl",
      "location" : "https://github.com/Powersel/UIElements.git",
      "state" : {
        "revision" : "3466c8201addbd24e839373140ad669638a64581",
        "version" : "0.0.2"
      }
    }
  ],
  "version" : 2
}
